
Microsoft Visual Studio Solution File, Format Version 12.00
# Visual Studio 2012
Project("{FAE04EC0-301F-11D3-BF4B-00C04F79EFBC}") = "01.BinaryPasswords", "01.BinaryPasswords\01.BinaryPasswords.csproj", "{D46A3639-6479-4455-AA24-D3565F9745F1}"
EndProject
Project("{FAE04EC0-301F-11D3-BF4B-00C04F79EFBC}") = "02.ColourfulBunnies", "02.ColourfulBunnies\02.ColourfulBunnies.csproj", "{B4CD6FBF-E57A-4D1F-87BC-F201FDC60520}"
EndProject
Project("{FAE04EC0-301F-11D3-BF4B-00C04F79EFBC}") = "03.Divisors", "03.Divisors\03.Divisors.csproj", "{0CFDADEF-C7C8-445A-8FF7-EFE36CC79862}"
EndProject
Project("{FAE04EC0-301F-11D3-BF4B-00C04F79EFBC}") = "04.ColourBalls", "04.ColourBalls\04.ColourBalls.csproj", "{764121BE-0518-460F-AA40-A6BFF7B48813}"
EndProject
Project("{FAE04EC0-301F-11D3-BF4B-00C04F79EFBC}") = "05.ZigZag", "05.ZigZag\05.ZigZag.csproj", "{F8D84D65-E58E-49A5-B890-3C5277F4D5F9}"
EndProject
Global
	GlobalSection(SolutionConfigurationPlatforms) = preSolution
		Debug|Any CPU = Debug|Any CPU
		Release|Any CPU = Release|Any CPU
	EndGlobalSection
	GlobalSection(ProjectConfigurationPlatforms) = postSolution
		{D46A3639-6479-4455-AA24-D3565F9745F1}.Debug|Any CPU.ActiveCfg = Debug|Any CPU
		{D46A3639-6479-4455-AA24-D3565F9745F1}.Debug|Any CPU.Build.0 = Debug|Any CPU
		{D46A3639-6479-4455-AA24-D3565F9745F1}.Release|Any CPU.ActiveCfg = Release|Any CPU
		{D46A3639-6479-4455-AA24-D3565F9745F1}.Release|Any CPU.Build.0 = Release|Any CPU
		{B4CD6FBF-E57A-4D1F-87BC-F201FDC60520}.Debug|Any CPU.ActiveCfg = Debug|Any CPU
		{B4CD6FBF-E57A-4D1F-87BC-F201FDC60520}.Debug|Any CPU.Build.0 = Debug|Any CPU
		{B4CD6FBF-E57A-4D1F-87BC-F201FDC60520}.Release|Any CPU.ActiveCfg = Release|Any CPU
		{B4CD6FBF-E57A-4D1F-87BC-F201FDC60520}.Release|Any CPU.Build.0 = Release|Any CPU
		{0CFDADEF-C7C8-445A-8FF7-EFE36CC79862}.Debug|Any CPU.ActiveCfg = Debug|Any CPU
		{0CFDADEF-C7C8-445A-8FF7-EFE36CC79862}.Debug|Any CPU.Build.0 = Debug|Any CPU
		{0CFDADEF-C7C8-445A-8FF7-EFE36CC79862}.Release|Any CPU.ActiveCfg = Release|Any CPU
		{0CFDADEF-C7C8-445A-8FF7-EFE36CC79862}.Release|Any CPU.Build.0 = Release|Any CPU
		{764121BE-0518-460F-AA40-A6BFF7B48813}.Debug|Any CPU.ActiveCfg = Debug|Any CPU
		{764121BE-0518-460F-AA40-A6BFF7B48813}.Debug|Any CPU.Build.0 = Debug|Any CPU
		{764121BE-0518-460F-AA40-A6BFF7B48813}.Release|Any CPU.ActiveCfg = Release|Any CPU
		{764121BE-0518-460F-AA40-A6BFF7B48813}.Release|Any CPU.Build.0 = Release|Any CPU
		{F8D84D65-E58E-49A5-B890-3C5277F4D5F9}.Debug|Any CPU.ActiveCfg = Debug|Any CPU
		{F8D84D65-E58E-49A5-B890-3C5277F4D5F9}.Debug|Any CPU.Build.0 = Debug|Any CPU
		{F8D84D65-E58E-49A5-B890-3C5277F4D5F9}.Release|Any CPU.ActiveCfg = Release|Any CPU
		{F8D84D65-E58E-49A5-B890-3C5277F4D5F9}.Release|Any CPU.Build.0 = Release|Any CPU
	EndGlobalSection
	GlobalSection(SolutionProperties) = preSolution
		HideSolutionNode = FALSE
	EndGlobalSection
EndGlobal
